// !$*UTF8*$!
{
	archiveVersion = 1;
	classes = {
	};
	objectVersion = 55;
	objects = {

/* Begin PBXBuildFile section */
		041A22DD2864675A0029E07F /* HomeViewController.xib in Resources */ = {isa = PBXBuildFile; fileRef = 041A22DC2864675A0029E07F /* HomeViewController.xib */; };
		041A22E1286468AC0029E07F /* UpcommingViewController.xib in Resources */ = {isa = PBXBuildFile; fileRef = 041A22E0286468AC0029E07F /* UpcommingViewController.xib */; };
		041A22E3286468D50029E07F /* SearchViewController.xib in Resources */ = {isa = PBXBuildFile; fileRef = 041A22E2286468D50029E07F /* SearchViewController.xib */; };
		041A22E52864691A0029E07F /* DownloadsViewController.xib in Resources */ = {isa = PBXBuildFile; fileRef = 041A22E42864691A0029E07F /* DownloadsViewController.xib */; };
		041A22E928646B300029E07F /* Decodable+Ext.swift in Sources */ = {isa = PBXBuildFile; fileRef = 041A22E828646B300029E07F /* Decodable+Ext.swift */; };
		041A22EB28646B4E0029E07F /* Data+Ext.swift in Sources */ = {isa = PBXBuildFile; fileRef = 041A22EA28646B4E0029E07F /* Data+Ext.swift */; };
		041A22FC286472760029E07F /* MovieTableViewCell.swift in Sources */ = {isa = PBXBuildFile; fileRef = 041A22FB286472760029E07F /* MovieTableViewCell.swift */; };
		041A22FE286475070029E07F /* MovieTableViewCell.xib in Resources */ = {isa = PBXBuildFile; fileRef = 041A22FD286475070029E07F /* MovieTableViewCell.xib */; };
		044341D128638F5E00E0509E /* AppDelegate.swift in Sources */ = {isa = PBXBuildFile; fileRef = 044341D028638F5E00E0509E /* AppDelegate.swift */; };
		044341D328638F5E00E0509E /* SceneDelegate.swift in Sources */ = {isa = PBXBuildFile; fileRef = 044341D228638F5E00E0509E /* SceneDelegate.swift */; };
		044341D528638F5E00E0509E /* MainTabBarViewController.swift in Sources */ = {isa = PBXBuildFile; fileRef = 044341D428638F5E00E0509E /* MainTabBarViewController.swift */; };
		044341DA28638F6000E0509E /* Assets.xcassets in Resources */ = {isa = PBXBuildFile; fileRef = 044341D928638F6000E0509E /* Assets.xcassets */; };
		044341DD28638F6000E0509E /* LaunchScreen.storyboard in Resources */ = {isa = PBXBuildFile; fileRef = 044341DB28638F6000E0509E /* LaunchScreen.storyboard */; };
		044341E6286391D200E0509E /* HomeViewController.swift in Sources */ = {isa = PBXBuildFile; fileRef = 044341E5286391D200E0509E /* HomeViewController.swift */; };
		04DCCA9E28644B3C003B5F0A /* UpcommingViewController.swift in Sources */ = {isa = PBXBuildFile; fileRef = 04DCCA9D28644B3C003B5F0A /* UpcommingViewController.swift */; };
		04DCCAA028644B50003B5F0A /* SearchViewController.swift in Sources */ = {isa = PBXBuildFile; fileRef = 04DCCA9F28644B50003B5F0A /* SearchViewController.swift */; };
		04DCCAA228644B67003B5F0A /* DownloadsViewController.swift in Sources */ = {isa = PBXBuildFile; fileRef = 04DCCAA128644B67003B5F0A /* DownloadsViewController.swift */; };
		190EE10C198C482EAC50B830 /* Pods_NetFlixClone.framework in Frameworks */ = {isa = PBXBuildFile; fileRef = 119D0BE113A94D168705B81D /* Pods_NetFlixClone.framework */; };
/* End PBXBuildFile section */

/* Begin PBXFileReference section */
		041A22DC2864675A0029E07F /* HomeViewController.xib */ = {isa = PBXFileReference; lastKnownFileType = file.xib; path = HomeViewController.xib; sourceTree = "<group>"; };
		041A22E0286468AC0029E07F /* UpcommingViewController.xib */ = {isa = PBXFileReference; lastKnownFileType = file.xib; path = UpcommingViewController.xib; sourceTree = "<group>"; };
		041A22E2286468D50029E07F /* SearchViewController.xib */ = {isa = PBXFileReference; lastKnownFileType = file.xib; path = SearchViewController.xib; sourceTree = "<group>"; };
		041A22E42864691A0029E07F /* DownloadsViewController.xib */ = {isa = PBXFileReference; lastKnownFileType = file.xib; path = DownloadsViewController.xib; sourceTree = "<group>"; };
		041A22E828646B300029E07F /* Decodable+Ext.swift */ = {isa = PBXFileReference; lastKnownFileType = sourcecode.swift; path = "Decodable+Ext.swift"; sourceTree = "<group>"; };
		041A22EA28646B4E0029E07F /* Data+Ext.swift */ = {isa = PBXFileReference; lastKnownFileType = sourcecode.swift; path = "Data+Ext.swift"; sourceTree = "<group>"; };
		041A22FB286472760029E07F /* MovieTableViewCell.swift */ = {isa = PBXFileReference; lastKnownFileType = sourcecode.swift; path = MovieTableViewCell.swift; sourceTree = "<group>"; };
		041A22FD286475070029E07F /* MovieTableViewCell.xib */ = {isa = PBXFileReference; lastKnownFileType = file.xib; path = MovieTableViewCell.xib; sourceTree = "<group>"; };
		044341CD28638F5E00E0509E /* NetFlixClone.app */ = {isa = PBXFileReference; explicitFileType = wrapper.application; includeInIndex = 0; path = NetFlixClone.app; sourceTree = BUILT_PRODUCTS_DIR; };
		044341D028638F5E00E0509E /* AppDelegate.swift */ = {isa = PBXFileReference; lastKnownFileType = sourcecode.swift; path = AppDelegate.swift; sourceTree = "<group>"; };
		044341D228638F5E00E0509E /* SceneDelegate.swift */ = {isa = PBXFileReference; lastKnownFileType = sourcecode.swift; path = SceneDelegate.swift; sourceTree = "<group>"; };
		044341D428638F5E00E0509E /* MainTabBarViewController.swift */ = {isa = PBXFileReference; lastKnownFileType = sourcecode.swift; path = MainTabBarViewController.swift; sourceTree = "<group>"; };
		044341D928638F6000E0509E /* Assets.xcassets */ = {isa = PBXFileReference; lastKnownFileType = folder.assetcatalog; path = Assets.xcassets; sourceTree = "<group>"; };
		044341DC28638F6000E0509E /* Base */ = {isa = PBXFileReference; lastKnownFileType = file.storyboard; name = Base; path = Base.lproj/LaunchScreen.storyboard; sourceTree = "<group>"; };
		044341DE28638F6000E0509E /* Info.plist */ = {isa = PBXFileReference; lastKnownFileType = text.plist.xml; path = Info.plist; sourceTree = "<group>"; };
		044341E5286391D200E0509E /* HomeViewController.swift */ = {isa = PBXFileReference; lastKnownFileType = sourcecode.swift; path = HomeViewController.swift; sourceTree = "<group>"; };
		04DCCA9D28644B3C003B5F0A /* UpcommingViewController.swift */ = {isa = PBXFileReference; lastKnownFileType = sourcecode.swift; path = UpcommingViewController.swift; sourceTree = "<group>"; };
		04DCCA9F28644B50003B5F0A /* SearchViewController.swift */ = {isa = PBXFileReference; lastKnownFileType = sourcecode.swift; path = SearchViewController.swift; sourceTree = "<group>"; };
		04DCCAA128644B67003B5F0A /* DownloadsViewController.swift */ = {isa = PBXFileReference; lastKnownFileType = sourcecode.swift; path = DownloadsViewController.swift; sourceTree = "<group>"; };
		119D0BE113A94D168705B81D /* Pods_NetFlixClone.framework */ = {isa = PBXFileReference; explicitFileType = wrapper.framework; includeInIndex = 0; path = Pods_NetFlixClone.framework; sourceTree = BUILT_PRODUCTS_DIR; };
		98DDE56F12A679E7462E5CB9 /* Pods-NetFlixClone.release.xcconfig */ = {isa = PBXFileReference; includeInIndex = 1; lastKnownFileType = text.xcconfig; name = "Pods-NetFlixClone.release.xcconfig"; path = "Target Support Files/Pods-NetFlixClone/Pods-NetFlixClone.release.xcconfig"; sourceTree = "<group>"; };
		C588EB5421469F98974C76CA /* Pods-NetFlixClone.debug.xcconfig */ = {isa = PBXFileReference; includeInIndex = 1; lastKnownFileType = text.xcconfig; name = "Pods-NetFlixClone.debug.xcconfig"; path = "Target Support Files/Pods-NetFlixClone/Pods-NetFlixClone.debug.xcconfig"; sourceTree = "<group>"; };
/* End PBXFileReference section */

/* Begin PBXFrameworksBuildPhase section */
		044341CA28638F5E00E0509E /* Frameworks */ = {
			isa = PBXFrameworksBuildPhase;
			buildActionMask = 2147483647;
			files = (
				190EE10C198C482EAC50B830 /* Pods_NetFlixClone.framework in Frameworks */,
			);
			runOnlyForDeploymentPostprocessing = 0;
		};
/* End PBXFrameworksBuildPhase section */

/* Begin PBXGroup section */
		041A22E628646A4A0029E07F /* Util */ = {
			isa = PBXGroup;
			children = (
				041A22E728646A820029E07F /* Kit+Ext */,
			);
			path = Util;
			sourceTree = "<group>";
		};
		041A22E728646A820029E07F /* Kit+Ext */ = {
			isa = PBXGroup;
			children = (
				041A22E828646B300029E07F /* Decodable+Ext.swift */,
				041A22EA28646B4E0029E07F /* Data+Ext.swift */,
			);
			path = "Kit+Ext";
			sourceTree = "<group>";
		};
		041A22F5286471F20029E07F /* Home */ = {
			isa = PBXGroup;
			children = (
				041A22DC2864675A0029E07F /* HomeViewController.xib */,
				041A22FA2864724A0029E07F /* MovieCell */,
			);
			path = Home;
			sourceTree = "<group>";
		};
		041A22FA2864724A0029E07F /* MovieCell */ = {
			isa = PBXGroup;
			children = (
				041A22FB286472760029E07F /* MovieTableViewCell.swift */,
				041A22FD286475070029E07F /* MovieTableViewCell.xib */,
			);
			path = MovieCell;
			sourceTree = "<group>";
		};
		044341C428638F5E00E0509E = {
			isa = PBXGroup;
			children = (
				044341CF28638F5E00E0509E /* NetFlixClone */,
				044341CE28638F5E00E0509E /* Products */,
				AA1C27C598AC0D37A6ED8D7B /* Pods */,
				04F3F1E06AF916699098610C /* Frameworks */,
			);
			sourceTree = "<group>";
		};
		044341CE28638F5E00E0509E /* Products */ = {
			isa = PBXGroup;
			children = (
				044341CD28638F5E00E0509E /* NetFlixClone.app */,
			);
			name = Products;
			sourceTree = "<group>";
		};
		044341CF28638F5E00E0509E /* NetFlixClone */ = {
			isa = PBXGroup;
			children = (
				041A22E628646A4A0029E07F /* Util */,
				04DCCAA328646048003B5F0A /* Presentation */,
				044341E4286391B100E0509E /* Controllers */,
				044341D028638F5E00E0509E /* AppDelegate.swift */,
				044341D228638F5E00E0509E /* SceneDelegate.swift */,
				044341D428638F5E00E0509E /* MainTabBarViewController.swift */,
				044341D928638F6000E0509E /* Assets.xcassets */,
				044341DB28638F6000E0509E /* LaunchScreen.storyboard */,
				044341DE28638F6000E0509E /* Info.plist */,
			);
			path = NetFlixClone;
			sourceTree = "<group>";
		};
		044341E4286391B100E0509E /* Controllers */ = {
			isa = PBXGroup;
			children = (
				044341E5286391D200E0509E /* HomeViewController.swift */,
				04DCCA9D28644B3C003B5F0A /* UpcommingViewController.swift */,
				04DCCA9F28644B50003B5F0A /* SearchViewController.swift */,
				04DCCAA128644B67003B5F0A /* DownloadsViewController.swift */,
			);
			path = Controllers;
			sourceTree = "<group>";
		};
		04DCCAA328646048003B5F0A /* Presentation */ = {
			isa = PBXGroup;
			children = (
				041A22F5286471F20029E07F /* Home */,
				041A22E0286468AC0029E07F /* UpcommingViewController.xib */,
				041A22E2286468D50029E07F /* SearchViewController.xib */,
				041A22E42864691A0029E07F /* DownloadsViewController.xib */,
			);
			path = Presentation;
			sourceTree = "<group>";
		};
		04F3F1E06AF916699098610C /* Frameworks */ = {
			isa = PBXGroup;
			children = (
				119D0BE113A94D168705B81D /* Pods_NetFlixClone.framework */,
			);
			name = Frameworks;
			sourceTree = "<group>";
		};
		AA1C27C598AC0D37A6ED8D7B /* Pods */ = {
			isa = PBXGroup;
			children = (
				C588EB5421469F98974C76CA /* Pods-NetFlixClone.debug.xcconfig */,
				98DDE56F12A679E7462E5CB9 /* Pods-NetFlixClone.release.xcconfig */,
			);
			path = Pods;
			sourceTree = "<group>";
		};
/* End PBXGroup section */

/* Begin PBXNativeTarget section */
		044341CC28638F5E00E0509E /* NetFlixClone */ = {
			isa = PBXNativeTarget;
			buildConfigurationList = 044341E128638F6000E0509E /* Build configuration list for PBXNativeTarget "NetFlixClone" */;
			buildPhases = (
				85E18A05F92EB291AA7E400C /* [CP] Check Pods Manifest.lock */,
				044341C928638F5E00E0509E /* Sources */,
				044341CA28638F5E00E0509E /* Frameworks */,
				044341CB28638F5E00E0509E /* Resources */,
				6E16C0B1EF21F098D78FB87F /* [CP] Embed Pods Frameworks */,
			);
			buildRules = (
			);
			dependencies = (
			);
			name = NetFlixClone;
			productName = NetFlixClone;
			productReference = 044341CD28638F5E00E0509E /* NetFlixClone.app */;
			productType = "com.apple.product-type.application";
		};
/* End PBXNativeTarget section */

/* Begin PBXProject section */
		044341C528638F5E00E0509E /* Project object */ = {
			isa = PBXProject;
			attributes = {
				BuildIndependentTargetsInParallel = 1;
				LastSwiftUpdateCheck = 1310;
				LastUpgradeCheck = 1310;
				TargetAttributes = {
					044341CC28638F5E00E0509E = {
						CreatedOnToolsVersion = 13.1;
					};
				};
			};
			buildConfigurationList = 044341C828638F5E00E0509E /* Build configuration list for PBXProject "NetFlixClone" */;
			compatibilityVersion = "Xcode 13.0";
			developmentRegion = en;
			hasScannedForEncodings = 0;
			knownRegions = (
				en,
				Base,
			);
			mainGroup = 044341C428638F5E00E0509E;
			productRefGroup = 044341CE28638F5E00E0509E /* Products */;
			projectDirPath = "";
			projectRoot = "";
			targets = (
				044341CC28638F5E00E0509E /* NetFlixClone */,
			);
		};
/* End PBXProject section */

/* Begin PBXResourcesBuildPhase section */
		044341CB28638F5E00E0509E /* Resources */ = {
			isa = PBXResourcesBuildPhase;
			buildActionMask = 2147483647;
			files = (
				041A22E52864691A0029E07F /* DownloadsViewController.xib in Resources */,
				041A22FE286475070029E07F /* MovieTableViewCell.xib in Resources */,
				044341DD28638F6000E0509E /* LaunchScreen.storyboard in Resources */,
				044341DA28638F6000E0509E /* Assets.xcassets in Resources */,
				041A22E1286468AC0029E07F /* UpcommingViewController.xib in Resources */,
				041A22E3286468D50029E07F /* SearchViewController.xib in Resources */,
				041A22DD2864675A0029E07F /* HomeViewController.xib in Resources */,
			);
			runOnlyForDeploymentPostprocessing = 0;
		};
/* End PBXResourcesBuildPhase section */

/* Begin PBXShellScriptBuildPhase section */
		6E16C0B1EF21F098D78FB87F /* [CP] Embed Pods Frameworks */ = {
			isa = PBXShellScriptBuildPhase;
			buildActionMask = 2147483647;
			files = (
			);
			inputFileListPaths = (
				"${PODS_ROOT}/Target Support Files/Pods-NetFlixClone/Pods-NetFlixClone-frameworks-${CONFIGURATION}-input-files.xcfilelist",
			);
			name = "[CP] Embed Pods Frameworks";
			outputFileListPaths = (
				"${PODS_ROOT}/Target Support Files/Pods-NetFlixClone/Pods-NetFlixClone-frameworks-${CONFIGURATION}-output-files.xcfilelist",
			);
			runOnlyForDeploymentPostprocessing = 0;
			shellPath = /bin/sh;
			shellScript = "\"${PODS_ROOT}/Target Support Files/Pods-NetFlixClone/Pods-NetFlixClone-frameworks.sh\"\n";
			showEnvVarsInLog = 0;
		};
		85E18A05F92EB291AA7E400C /* [CP] Check Pods Manifest.lock */ = {
			isa = PBXShellScriptBuildPhase;
			buildActionMask = 2147483647;
			files = (
			);
			inputFileListPaths = (
			);
			inputPaths = (
				"${PODS_PODFILE_DIR_PATH}/Podfile.lock",
				"${PODS_ROOT}/Manifest.lock",
			);
			name = "[CP] Check Pods Manifest.lock";
			outputFileListPaths = (
			);
			outputPaths = (
				"$(DERIVED_FILE_DIR)/Pods-NetFlixClone-checkManifestLockResult.txt",
			);
			runOnlyForDeploymentPostprocessing = 0;
			shellPath = /bin/sh;
			shellScript = "diff \"${PODS_PODFILE_DIR_PATH}/Podfile.lock\" \"${PODS_ROOT}/Manifest.lock\" > /dev/null\nif [ $? != 0 ] ; then\n    # print error to STDERR\n    echo \"error: The sandbox is not in sync with the Podfile.lock. Run 'pod install' or update your CocoaPods installation.\" >&2\n    exit 1\nfi\n# This output is used by Xcode 'outputs' to avoid re-running this script phase.\necho \"SUCCESS\" > \"${SCRIPT_OUTPUT_FILE_0}\"\n";
			showEnvVarsInLog = 0;
		};
/* End PBXShellScriptBuildPhase section */

/* Begin PBXSourcesBuildPhase section */
		044341C928638F5E00E0509E /* Sources */ = {
			isa = PBXSourcesBuildPhase;
			buildActionMask = 2147483647;
			files = (
				041A22FC286472760029E07F /* MovieTableViewCell.swift in Sources */,
				04DCCAA028644B50003B5F0A /* SearchViewController.swift in Sources */,
				044341D528638F5E00E0509E /* MainTabBarViewController.swift in Sources */,
				04DCCAA228644B67003B5F0A /* DownloadsViewController.swift in Sources */,
				041A22EB28646B4E0029E07F /* Data+Ext.swift in Sources */,
				044341D128638F5E00E0509E /* AppDelegate.swift in Sources */,
				04DCCA9E28644B3C003B5F0A /* UpcommingViewController.swift in Sources */,
				041A22E928646B300029E07F /* Decodable+Ext.swift in Sources */,
				044341D328638F5E00E0509E /* SceneDelegate.swift in Sources */,
				044341E6286391D200E0509E /* HomeViewController.swift in Sources */,
			);
			runOnlyForDeploymentPostprocessing = 0;
		};
/* End PBXSourcesBuildPhase section */

/* Begin PBXVariantGroup section */
		044341DB28638F6000E0509E /* LaunchScreen.storyboard */ = {
			isa = PBXVariantGroup;
			children = (
				044341DC28638F6000E0509E /* Base */,
			);
			name = LaunchScreen.storyboard;
			sourceTree = "<group>";
		};
/* End PBXVariantGroup section */

/* Begin XCBuildConfiguration section */
		044341DF28638F6000E0509E /* Debug */ = {
			isa = XCBuildConfiguration;
			buildSettings = {
				ALWAYS_SEARCH_USER_PATHS = NO;
				CLANG_ANALYZER_NONNULL = YES;
				CLANG_ANALYZER_NUMBER_OBJECT_CONVERSION = YES_AGGRESSIVE;
				CLANG_CXX_LANGUAGE_STANDARD = "gnu++17";
				CLANG_CXX_LIBRARY = "libc++";
				CLANG_ENABLE_MODULES = YES;
				CLANG_ENABLE_OBJC_ARC = YES;
				CLANG_ENABLE_OBJC_WEAK = YES;
				CLANG_WARN_BLOCK_CAPTURE_AUTORELEASING = YES;
				CLANG_WARN_BOOL_CONVERSION = YES;
				CLANG_WARN_COMMA = YES;
				CLANG_WARN_CONSTANT_CONVERSION = YES;
				CLANG_WARN_DEPRECATED_OBJC_IMPLEMENTATIONS = YES;
				CLANG_WARN_DIRECT_OBJC_ISA_USAGE = YES_ERROR;
				CLANG_WARN_DOCUMENTATION_COMMENTS = YES;
				CLANG_WARN_EMPTY_BODY = YES;
				CLANG_WARN_ENUM_CONVERSION = YES;
				CLANG_WARN_INFINITE_RECURSION = YES;
				CLANG_WARN_INT_CONVERSION = YES;
				CLANG_WARN_NON_LITERAL_NULL_CONVERSION = YES;
				CLANG_WARN_OBJC_IMPLICIT_RETAIN_SELF = YES;
				CLANG_WARN_OBJC_LITERAL_CONVERSION = YES;
				CLANG_WARN_OBJC_ROOT_CLASS = YES_ERROR;
				CLANG_WARN_QUOTED_INCLUDE_IN_FRAMEWORK_HEADER = YES;
				CLANG_WARN_RANGE_LOOP_ANALYSIS = YES;
				CLANG_WARN_STRICT_PROTOTYPES = YES;
				CLANG_WARN_SUSPICIOUS_MOVE = YES;
				CLANG_WARN_UNGUARDED_AVAILABILITY = YES_AGGRESSIVE;
				CLANG_WARN_UNREACHABLE_CODE = YES;
				CLANG_WARN__DUPLICATE_METHOD_MATCH = YES;
				COPY_PHASE_STRIP = NO;
				DEBUG_INFORMATION_FORMAT = dwarf;
				ENABLE_STRICT_OBJC_MSGSEND = YES;
				ENABLE_TESTABILITY = YES;
				GCC_C_LANGUAGE_STANDARD = gnu11;
				GCC_DYNAMIC_NO_PIC = NO;
				GCC_NO_COMMON_BLOCKS = YES;
				GCC_OPTIMIZATION_LEVEL = 0;
				GCC_PREPROCESSOR_DEFINITIONS = (
					"DEBUG=1",
					"$(inherited)",
				);
				GCC_WARN_64_TO_32_BIT_CONVERSION = YES;
				GCC_WARN_ABOUT_RETURN_TYPE = YES_ERROR;
				GCC_WARN_UNDECLARED_SELECTOR = YES;
				GCC_WARN_UNINITIALIZED_AUTOS = YES_AGGRESSIVE;
				GCC_WARN_UNUSED_FUNCTION = YES;
				GCC_WARN_UNUSED_VARIABLE = YES;
				IPHONEOS_DEPLOYMENT_TARGET = 15.0;
				MTL_ENABLE_DEBUG_INFO = INCLUDE_SOURCE;
				MTL_FAST_MATH = YES;
				ONLY_ACTIVE_ARCH = YES;
				SDKROOT = iphoneos;
				SWIFT_ACTIVE_COMPILATION_CONDITIONS = DEBUG;
				SWIFT_OPTIMIZATION_LEVEL = "-Onone";
			};
			name = Debug;
		};
		044341E028638F6000E0509E /* Release */ = {
			isa = XCBuildConfiguration;
			buildSettings = {
				ALWAYS_SEARCH_USER_PATHS = NO;
				CLANG_ANALYZER_NONNULL = YES;
				CLANG_ANALYZER_NUMBER_OBJECT_CONVERSION = YES_AGGRESSIVE;
				CLANG_CXX_LANGUAGE_STANDARD = "gnu++17";
				CLANG_CXX_LIBRARY = "libc++";
				CLANG_ENABLE_MODULES = YES;
				CLANG_ENABLE_OBJC_ARC = YES;
				CLANG_ENABLE_OBJC_WEAK = YES;
				CLANG_WARN_BLOCK_CAPTURE_AUTORELEASING = YES;
				CLANG_WARN_BOOL_CONVERSION = YES;
				CLANG_WARN_COMMA = YES;
				CLANG_WARN_CONSTANT_CONVERSION = YES;
				CLANG_WARN_DEPRECATED_OBJC_IMPLEMENTATIONS = YES;
				CLANG_WARN_DIRECT_OBJC_ISA_USAGE = YES_ERROR;
				CLANG_WARN_DOCUMENTATION_COMMENTS = YES;
				CLANG_WARN_EMPTY_BODY = YES;
				CLANG_WARN_ENUM_CONVERSION = YES;
				CLANG_WARN_INFINITE_RECURSION = YES;
				CLANG_WARN_INT_CONVERSION = YES;
				CLANG_WARN_NON_LITERAL_NULL_CONVERSION = YES;
				CLANG_WARN_OBJC_IMPLICIT_RETAIN_SELF = YES;
				CLANG_WARN_OBJC_LITERAL_CONVERSION = YES;
				CLANG_WARN_OBJC_ROOT_CLASS = YES_ERROR;
				CLANG_WARN_QUOTED_INCLUDE_IN_FRAMEWORK_HEADER = YES;
				CLANG_WARN_RANGE_LOOP_ANALYSIS = YES;
				CLANG_WARN_STRICT_PROTOTYPES = YES;
				CLANG_WARN_SUSPICIOUS_MOVE = YES;
				CLANG_WARN_UNGUARDED_AVAILABILITY = YES_AGGRESSIVE;
				CLANG_WARN_UNREACHABLE_CODE = YES;
				CLANG_WARN__DUPLICATE_METHOD_MATCH = YES;
				COPY_PHASE_STRIP = NO;
				DEBUG_INFORMATION_FORMAT = "dwarf-with-dsym";
				ENABLE_NS_ASSERTIONS = NO;
				ENABLE_STRICT_OBJC_MSGSEND = YES;
				GCC_C_LANGUAGE_STANDARD = gnu11;
				GCC_NO_COMMON_BLOCKS = YES;
				GCC_WARN_64_TO_32_BIT_CONVERSION = YES;
				GCC_WARN_ABOUT_RETURN_TYPE = YES_ERROR;
				GCC_WARN_UNDECLARED_SELECTOR = YES;
				GCC_WARN_UNINITIALIZED_AUTOS = YES_AGGRESSIVE;
				GCC_WARN_UNUSED_FUNCTION = YES;
				GCC_WARN_UNUSED_VARIABLE = YES;
				IPHONEOS_DEPLOYMENT_TARGET = 15.0;
				MTL_ENABLE_DEBUG_INFO = NO;
				MTL_FAST_MATH = YES;
				SDKROOT = iphoneos;
				SWIFT_COMPILATION_MODE = wholemodule;
				SWIFT_OPTIMIZATION_LEVEL = "-O";
				VALIDATE_PRODUCT = YES;
			};
			name = Release;
		};
		044341E228638F6000E0509E /* Debug */ = {
			isa = XCBuildConfiguration;
			baseConfigurationReference = C588EB5421469F98974C76CA /* Pods-NetFlixClone.debug.xcconfig */;
			buildSettings = {
				ASSETCATALOG_COMPILER_APPICON_NAME = AppIcon;
				ASSETCATALOG_COMPILER_GLOBAL_ACCENT_COLOR_NAME = AccentColor;
				CODE_SIGN_STYLE = Automatic;
				CURRENT_PROJECT_VERSION = 1;
				GENERATE_INFOPLIST_FILE = YES;
				INFOPLIST_FILE = NetFlixClone/Info.plist;
				INFOPLIST_KEY_UIApplicationSupportsIndirectInputEvents = YES;
				INFOPLIST_KEY_UILaunchStoryboardName = LaunchScreen;
				INFOPLIST_KEY_UISupportedInterfaceOrientations_iPad = "UIInterfaceOrientationPortrait UIInterfaceOrientationPortraitUpsideDown UIInterfaceOrientationLandscapeLeft UIInterfaceOrientationLandscapeRight";
				INFOPLIST_KEY_UISupportedInterfaceOrientations_iPhone = "UIInterfaceOrientationPortrait UIInterfaceOrientationLandscapeLeft UIInterfaceOrientationLandscapeRight";
				LD_RUNPATH_SEARCH_PATHS = (
					"$(inherited)",
					"@executable_path/Frameworks",
				);
				MARKETING_VERSION = 1.0;
				PRODUCT_BUNDLE_IDENTIFIER = com.trungduc.NetFlixClone;
				PRODUCT_NAME = "$(TARGET_NAME)";
				SWIFT_EMIT_LOC_STRINGS = YES;
				SWIFT_VERSION = 5.0;
				TARGETED_DEVICE_FAMILY = "1,2";
			};
			name = Debug;
		};
		044341E328638F6000E0509E /* Release */ = {
			isa = XCBuildConfiguration;
			baseConfigurationReference = 98DDE56F12A679E7462E5CB9 /* Pods-NetFlixClone.release.xcconfig */;
			buildSettings = {
				ASSETCATALOG_COMPILER_APPICON_NAME = AppIcon;
				ASSETCATALOG_COMPILER_GLOBAL_ACCENT_COLOR_NAME = AccentColor;
				CODE_SIGN_STYLE = Automatic;
				CURRENT_PROJECT_VERSION = 1;
				GENERATE_INFOPLIST_FILE = YES;
				INFOPLIST_FILE = NetFlixClone/Info.plist;
				INFOPLIST_KEY_UIApplicationSupportsIndirectInputEvents = YES;
				INFOPLIST_KEY_UILaunchStoryboardName = LaunchScreen;
				INFOPLIST_KEY_UISupportedInterfaceOrientations_iPad = "UIInterfaceOrientationPortrait UIInterfaceOrientationPortraitUpsideDown UIInterfaceOrientationLandscapeLeft UIInterfaceOrientationLandscapeRight";
				INFOPLIST_KEY_UISupportedInterfaceOrientations_iPhone = "UIInterfaceOrientationPortrait UIInterfaceOrientationLandscapeLeft UIInterfaceOrientationLandscapeRight";
				LD_RUNPATH_SEARCH_PATHS = (
					"$(inherited)",
					"@executable_path/Frameworks",
				);
				MARKETING_VERSION = 1.0;
				PRODUCT_BUNDLE_IDENTIFIER = com.trungduc.NetFlixClone;
				PRODUCT_NAME = "$(TARGET_NAME)";
				SWIFT_EMIT_LOC_STRINGS = YES;
				SWIFT_VERSION = 5.0;
				TARGETED_DEVICE_FAMILY = "1,2";
			};
			name = Release;
		};
/* End XCBuildConfiguration section */

/* Begin XCConfigurationList section */
		044341C828638F5E00E0509E /* Build configuration list for PBXProject "NetFlixClone" */ = {
			isa = XCConfigurationList;
			buildConfigurations = (
				044341DF28638F6000E0509E /* Debug */,
				044341E028638F6000E0509E /* Release */,
			);
			defaultConfigurationIsVisible = 0;
			defaultConfigurationName = Release;
		};
		044341E128638F6000E0509E /* Build configuration list for PBXNativeTarget "NetFlixClone" */ = {
			isa = XCConfigurationList;
			buildConfigurations = (
				044341E228638F6000E0509E /* Debug */,
				044341E328638F6000E0509E /* Release */,
			);
			defaultConfigurationIsVisible = 0;
			defaultConfigurationName = Release;
		};
/* End XCConfigurationList section */
	};
	rootObject = 044341C528638F5E00E0509E /* Project object */;
}
