PODS:
  - Localize-Swift (2.0.0)
  - SwiftyJSON (5.0.0)

DEPENDENCIES:
  - Localize-Swift (= 2.0.0)
  - SwiftyJSON (= 5.0.0)

SPEC REPOS:
  trunk:
    - Localize-Swift
    - SwiftyJSON

SPEC CHECKSUMS:
  Localize-Swift: c798ec9286494866f7068f85f7c71283ac5bdab4
  SwiftyJSON: 36413e04c44ee145039d332b4f4e2d3e8d6c4db7

PODFILE CHECKSUM: 60292d800789e18a78a9183f27a2d721a450dfe4

COCOAPODS: 1.11.3
